
Microsoft Visual Studio Solution File, Format Version 12.00
# Visual Studio Version 17
VisualStudioVersion = 17.10.35013.160
MinimumVisualStudioVersion = 10.0.40219.1
Project("{FAE04EC0-301F-11D3-BF4B-00C04F79EFBC}") = "BlazorPracticeTicTacToe", "BlazorPracticeTicTacToe.csproj", "{DB5C9FBA-8158-4E11-A159-25178022BDA1}"
EndProject
Global
	GlobalSection(SolutionConfigurationPlatforms) = preSolution
		Debug|Any CPU = Debug|Any CPU
		Release|Any CPU = Release|Any CPU
	EndGlobalSection
	GlobalSection(ProjectConfigurationPlatforms) = postSolution
		{DB5C9FBA-8158-4E11-A159-25178022BDA1}.Debug|Any CPU.ActiveCfg = Debug|Any CPU
		{DB5C9FBA-8158-4E11-A159-25178022BDA1}.Debug|Any CPU.Build.0 = Debug|Any CPU
		{DB5C9FBA-8158-4E11-A159-25178022BDA1}.Release|Any CPU.ActiveCfg = Release|Any CPU
		{DB5C9FBA-8158-4E11-A159-25178022BDA1}.Release|Any CPU.Build.0 = Release|Any CPU
	EndGlobalSection
	GlobalSection(SolutionProperties) = preSolution
		HideSolutionNode = FALSE
	EndGlobalSection
	GlobalSection(ExtensibilityGlobals) = postSolution
		SolutionGuid = {6D8661B2-E869-400C-859C-0EA3D066FFBB}
	EndGlobalSection
EndGlobal
